
Microsoft Visual Studio Solution File, Format Version 12.00
# Visual Studio Version 17
VisualStudioVersion = 17.9.34622.214
MinimumVisualStudioVersion = 10.0.40219.1
Project("{FAE04EC0-301F-11D3-BF4B-00C04F79EFBC}") = "AlquilerApp", "AlquilerApp\AlquilerApp.csproj", "{54D18260-F833-4FD1-A9D4-6BED31A7AA6E}"
EndProject
Global
	GlobalSection(SolutionConfigurationPlatforms) = preSolution
		Debug|Any CPU = Debug|Any CPU
		Release|Any CPU = Release|Any CPU
	EndGlobalSection
	GlobalSection(ProjectConfigurationPlatforms) = postSolution
		{54D18260-F833-4FD1-A9D4-6BED31A7AA6E}.Debug|Any CPU.ActiveCfg = Debug|Any CPU
		{54D18260-F833-4FD1-A9D4-6BED31A7AA6E}.Debug|Any CPU.Build.0 = Debug|Any CPU
		{54D18260-F833-4FD1-A9D4-6BED31A7AA6E}.Release|Any CPU.ActiveCfg = Release|Any CPU
		{54D18260-F833-4FD1-A9D4-6BED31A7AA6E}.Release|Any CPU.Build.0 = Release|Any CPU
	EndGlobalSection
	GlobalSection(SolutionProperties) = preSolution
		HideSolutionNode = FALSE
	EndGlobalSection
	GlobalSection(ExtensibilityGlobals) = postSolution
		SolutionGuid = {E50F5282-8180-4C18-A9DF-82518AF993F0}
	EndGlobalSection
EndGlobal
